
Microsoft Visual Studio Solution File, Format Version 12.00
# Visual Studio Version 16
VisualStudioVersion = 16.0.31320.298
MinimumVisualStudioVersion = 10.0.40219.1
Project("{FAE04EC0-301F-11D3-BF4B-00C04F79EFBC}") = "QuickBlueToothLE", "QuickBlueToothLE.csproj", "{15E933E3-2BE8-4625-AA08-EE464430A695}"
EndProject
Global
	GlobalSection(SolutionConfigurationPlatforms) = preSolution
		Debug|Any CPU = Debug|Any CPU
		Release|Any CPU = Release|Any CPU
	EndGlobalSection
	GlobalSection(ProjectConfigurationPlatforms) = postSolution
		{15E933E3-2BE8-4625-AA08-EE464430A695}.Debug|Any CPU.ActiveCfg = Debug|Any CPU
		{15E933E3-2BE8-4625-AA08-EE464430A695}.Debug|Any CPU.Build.0 = Debug|Any CPU
		{15E933E3-2BE8-4625-AA08-EE464430A695}.Release|Any CPU.ActiveCfg = Release|Any CPU
		{15E933E3-2BE8-4625-AA08-EE464430A695}.Release|Any CPU.Build.0 = Release|Any CPU
	EndGlobalSection
	GlobalSection(SolutionProperties) = preSolution
		HideSolutionNode = FALSE
	EndGlobalSection
	GlobalSection(ExtensibilityGlobals) = postSolution
		SolutionGuid = {3AEEDA6B-EC6B-4F48-9601-EAA24565C680}
	EndGlobalSection
EndGlobal
